
Microsoft Visual Studio Solution File, Format Version 12.00
# Visual Studio 2012
Project("{FAE04EC0-301F-11D3-BF4B-00C04F79EFBC}") = "Snile", "Snile\Snile.csproj", "{2F2795DA-9EC3-4158-9F16-0E7379A97B20}"
EndProject
Project("{FAE04EC0-301F-11D3-BF4B-00C04F79EFBC}") = "Example", "Example\Example.csproj", "{CACC818D-C3C3-450C-A44C-0BE0AACC2A80}"
EndProject
Global
	GlobalSection(SolutionConfigurationPlatforms) = preSolution
		Debug|Any CPU = Debug|Any CPU
		Release|Any CPU = Release|Any CPU
	EndGlobalSection
	GlobalSection(ProjectConfigurationPlatforms) = postSolution
		{2F2795DA-9EC3-4158-9F16-0E7379A97B20}.Debug|Any CPU.ActiveCfg = Debug|Any CPU
		{2F2795DA-9EC3-4158-9F16-0E7379A97B20}.Debug|Any CPU.Build.0 = Debug|Any CPU
		{2F2795DA-9EC3-4158-9F16-0E7379A97B20}.Release|Any CPU.ActiveCfg = Release|Any CPU
		{2F2795DA-9EC3-4158-9F16-0E7379A97B20}.Release|Any CPU.Build.0 = Release|Any CPU
		{CACC818D-C3C3-450C-A44C-0BE0AACC2A80}.Debug|Any CPU.ActiveCfg = Debug|Any CPU
		{CACC818D-C3C3-450C-A44C-0BE0AACC2A80}.Debug|Any CPU.Build.0 = Debug|Any CPU
		{CACC818D-C3C3-450C-A44C-0BE0AACC2A80}.Release|Any CPU.ActiveCfg = Release|Any CPU
		{CACC818D-C3C3-450C-A44C-0BE0AACC2A80}.Release|Any CPU.Build.0 = Release|Any CPU
	EndGlobalSection
	GlobalSection(SolutionProperties) = preSolution
		HideSolutionNode = FALSE
	EndGlobalSection
EndGlobal
